// !$*UTF8*$!
{
	archiveVersion = 1;
	classes = {
	};
	objectVersion = 46;
	objects = {

/* Begin PBXBuildFile section */
		280FBE5D1D87360900900064 /* RuleRange.swift in Sources */ = {isa = PBXBuildFile; fileRef = 280FBE5C1D87360900900064 /* RuleRange.swift */; };
		280FBE5F1D873CCE00900064 /* RuleClosure.swift in Sources */ = {isa = PBXBuildFile; fileRef = 280FBE5E1D873CCE00900064 /* RuleClosure.swift */; };
		2859CD951C7CF1FD0002982F /* Core.swift in Sources */ = {isa = PBXBuildFile; fileRef = 2859CD921C7CF1FD0002982F /* Core.swift */; };
		2859CD961C7CF1FD0002982F /* Helpers.swift in Sources */ = {isa = PBXBuildFile; fileRef = 2859CD931C7CF1FD0002982F /* Helpers.swift */; };
		2859CDBE1C7D137D0002982F /* Form.swift in Sources */ = {isa = PBXBuildFile; fileRef = 2859CDBD1C7D137D0002982F /* Form.swift */; };
		2859CDC01C7D138D0002982F /* Section.swift in Sources */ = {isa = PBXBuildFile; fileRef = 2859CDBF1C7D138D0002982F /* Section.swift */; };
		2859CDC41C7D19C50002982F /* HeaderFooterView.swift in Sources */ = {isa = PBXBuildFile; fileRef = 2859CDC31C7D19C50002982F /* HeaderFooterView.swift */; };
		2859CDC61C7D1A2E0002982F /* NavigationAccessoryView.swift in Sources */ = {isa = PBXBuildFile; fileRef = 2859CDC51C7D1A2E0002982F /* NavigationAccessoryView.swift */; };
		2859CDE91C7DD78E0002982F /* BaseRow.swift in Sources */ = {isa = PBXBuildFile; fileRef = 2859CDE81C7DD78E0002982F /* BaseRow.swift */; };
		285BA44A1E8187480034EE92 /* MultivaluedSectionTests.swift in Sources */ = {isa = PBXBuildFile; fileRef = 285BA4481E81864E0034EE92 /* MultivaluedSectionTests.swift */; };
		287A142B1D89DF1E00FFE6EB /* ValidationsTests.swift in Sources */ = {isa = PBXBuildFile; fileRef = 287A142A1D89DF1E00FFE6EB /* ValidationsTests.swift */; };
		287A14331D8A07ED00FFE6EB /* SelectableSectionTests.swift in Sources */ = {isa = PBXBuildFile; fileRef = 287A142D1D8A07B700FFE6EB /* SelectableSectionTests.swift */; };
		287E7D7E1D625A260065F4DE /* RuleRequired.swift in Sources */ = {isa = PBXBuildFile; fileRef = 287E7D7D1D625A260065F4DE /* RuleRequired.swift */; };
		287E7D801D74E42D0065F4DE /* RuleRegExp.swift in Sources */ = {isa = PBXBuildFile; fileRef = 287E7D7F1D74E42D0065F4DE /* RuleRegExp.swift */; };
		287E7D821D74E64C0065F4DE /* RuleURL.swift in Sources */ = {isa = PBXBuildFile; fileRef = 287E7D811D74E64C0065F4DE /* RuleURL.swift */; };
		287E7D841D75F9C80065F4DE /* RuleEmail.swift in Sources */ = {isa = PBXBuildFile; fileRef = 287E7D831D75F9C80065F4DE /* RuleEmail.swift */; };
		287E7D901D7601850065F4DE /* RuleLength.swift in Sources */ = {isa = PBXBuildFile; fileRef = 287E7D8F1D7601850065F4DE /* RuleLength.swift */; };
		28B12FD51BA0E83C00F27A23 /* Assets.xcassets in Resources */ = {isa = PBXBuildFile; fileRef = 28B12FD41BA0E83C00F27A23 /* Assets.xcassets */; };
		28B1D7871C7F911900605EB3 /* BaseEurekaTests.swift in Sources */ = {isa = PBXBuildFile; fileRef = 28B1D7711C7F90C900605EB3 /* BaseEurekaTests.swift */; };
		28B1D7881C7F911900605EB3 /* CallbacksTests.swift in Sources */ = {isa = PBXBuildFile; fileRef = 28B1D7721C7F90C900605EB3 /* CallbacksTests.swift */; };
		28B1D7891C7F911900605EB3 /* CollectionTests.swift in Sources */ = {isa = PBXBuildFile; fileRef = 28B1D7731C7F90C900605EB3 /* CollectionTests.swift */; };
		28B1D78A1C7F911900605EB3 /* DateTests.swift in Sources */ = {isa = PBXBuildFile; fileRef = 28B1D7741C7F90C900605EB3 /* DateTests.swift */; };
		28B1D78B1C7F911900605EB3 /* FormValuesTests.swift in Sources */ = {isa = PBXBuildFile; fileRef = 28B1D7751C7F90C900605EB3 /* FormValuesTests.swift */; };
		28B1D78C1C7F911900605EB3 /* HelperMethodTests.swift in Sources */ = {isa = PBXBuildFile; fileRef = 28B1D7761C7F90C900605EB3 /* HelperMethodTests.swift */; };
		28B1D78D1C7F911900605EB3 /* HiddenRowsTests.swift in Sources */ = {isa = PBXBuildFile; fileRef = 28B1D7771C7F90C900605EB3 /* HiddenRowsTests.swift */; };
		28B1D78E1C7F911900605EB3 /* OperatorsTest.swift in Sources */ = {isa = PBXBuildFile; fileRef = 28B1D7781C7F90C900605EB3 /* OperatorsTest.swift */; };
		28B1D78F1C7F911900605EB3 /* RowByTagTests.swift in Sources */ = {isa = PBXBuildFile; fileRef = 28B1D7791C7F90C900605EB3 /* RowByTagTests.swift */; };
		28B1D7901C7F911900605EB3 /* RowCallbackTests.swift in Sources */ = {isa = PBXBuildFile; fileRef = 28B1D77A1C7F90C900605EB3 /* RowCallbackTests.swift */; };
		28B1D7911C7F911900605EB3 /* SetValuesTests.swift in Sources */ = {isa = PBXBuildFile; fileRef = 28B1D77B1C7F90C900605EB3 /* SetValuesTests.swift */; };
		28DB37301CE4F864009E46BA /* Protocols.swift in Sources */ = {isa = PBXBuildFile; fileRef = 28DB372F1CE4F864009E46BA /* Protocols.swift */; };
		28EE0FDE1D5E889F00B91340 /* Validation.swift in Sources */ = {isa = PBXBuildFile; fileRef = 28EE0FDD1D5E889F00B91340 /* Validation.swift */; };
		28EE46A81C7F5D5200EFF4A2 /* SelectableSection.swift in Sources */ = {isa = PBXBuildFile; fileRef = 2859CE231C7E141B0002982F /* SelectableSection.swift */; };
		28EE46A91C7F685900EFF4A2 /* PushRow.swift in Sources */ = {isa = PBXBuildFile; fileRef = 2859CDEC1C7DF0680002982F /* PushRow.swift */; };
		28EE46AC1C7F712300EFF4A2 /* DateInlineRow.swift in Sources */ = {isa = PBXBuildFile; fileRef = 2859CDF41C7DF2740002982F /* DateInlineRow.swift */; };
		28EEBFE81C7E1D7E00300699 /* CellType.swift in Sources */ = {isa = PBXBuildFile; fileRef = 28EEBFE41C7E1B3B00300699 /* CellType.swift */; };
		28EEBFEC1C7E224200300699 /* PresenterRowType.swift in Sources */ = {isa = PBXBuildFile; fileRef = 28EEBFEB1C7E224200300699 /* PresenterRowType.swift */; };
		28EEBFEE1C7E231C00300699 /* RowControllerType.swift in Sources */ = {isa = PBXBuildFile; fileRef = 28EEBFED1C7E231C00300699 /* RowControllerType.swift */; };
		28EEBFF01C7E23F400300699 /* Row.swift in Sources */ = {isa = PBXBuildFile; fileRef = 28EEBFEF1C7E23F400300699 /* Row.swift */; };
		28EEBFF21C7E23FA00300699 /* RowType.swift in Sources */ = {isa = PBXBuildFile; fileRef = 28EEBFF11C7E23FA00300699 /* RowType.swift */; };
		28EEBFF41C7E240000300699 /* RowProtocols.swift in Sources */ = {isa = PBXBuildFile; fileRef = 28EEBFF31C7E240000300699 /* RowProtocols.swift */; };
		28EEBFF61C7E240B00300699 /* InlineRowType.swift in Sources */ = {isa = PBXBuildFile; fileRef = 28EEBFF51C7E240B00300699 /* InlineRowType.swift */; };
		28EEBFF81C7E241200300699 /* SelectableRowType.swift in Sources */ = {isa = PBXBuildFile; fileRef = 28EEBFF71C7E241200300699 /* SelectableRowType.swift */; };
		28EEBFFB1C7E25C500300699 /* Operators.swift in Sources */ = {isa = PBXBuildFile; fileRef = 28EEBFFA1C7E25C500300699 /* Operators.swift */; };
		28EEBFFD1C7E25F100300699 /* Cell.swift in Sources */ = {isa = PBXBuildFile; fileRef = 28EEBFFC1C7E25F100300699 /* Cell.swift */; };
		28EEBFFE1C7E281F00300699 /* CheckRow.swift in Sources */ = {isa = PBXBuildFile; fileRef = 2859CDA41C7CF51A0002982F /* CheckRow.swift */; };
		28EEC0001C7E36EB00300699 /* SwitchRow.swift in Sources */ = {isa = PBXBuildFile; fileRef = 2859CDA61C7CF5530002982F /* SwitchRow.swift */; };
		28EEC0021C7E37BD00300699 /* ButtonRow.swift in Sources */ = {isa = PBXBuildFile; fileRef = 2859CDA21C7CF4050002982F /* ButtonRow.swift */; };
		28EEC0031C7E390300300699 /* DecimalFormatter.swift in Sources */ = {isa = PBXBuildFile; fileRef = 2859CE0A1C7E003B0002982F /* DecimalFormatter.swift */; };
		28EEC00B1C7E395700300699 /* OptionsRow.swift in Sources */ = {isa = PBXBuildFile; fileRef = 2859CDB31C7D0E4B0002982F /* OptionsRow.swift */; };
		28EEC00C1C7E396000300699 /* SelectorRow.swift in Sources */ = {isa = PBXBuildFile; fileRef = 2859CDBB1C7D12930002982F /* SelectorRow.swift */; };
		28EEC00E1C7E398A00300699 /* DateFieldRow.swift in Sources */ = {isa = PBXBuildFile; fileRef = 2859CDEE1C7DF0F70002982F /* DateFieldRow.swift */; };
		28EEC00F1C7E398D00300699 /* FieldRow.swift in Sources */ = {isa = PBXBuildFile; fileRef = 2859CDF01C7DF1620002982F /* FieldRow.swift */; };
		28EEC0101C7E399500300699 /* DateInlineFieldRow.swift in Sources */ = {isa = PBXBuildFile; fileRef = 2859CDF21C7DF22D0002982F /* DateInlineFieldRow.swift */; };
		28EEC0121C7E399500300699 /* GenericMultipleSelectorRow.swift in Sources */ = {isa = PBXBuildFile; fileRef = 2859CE211C7E13470002982F /* GenericMultipleSelectorRow.swift */; };
		28EEC0151C7E39C100300699 /* DateRow.swift in Sources */ = {isa = PBXBuildFile; fileRef = 2859CDFE1C7DF9A70002982F /* DateRow.swift */; };
		28EEC0161C7E3A3200300699 /* ListCheckRow.swift in Sources */ = {isa = PBXBuildFile; fileRef = 2859CE1B1C7E04630002982F /* ListCheckRow.swift */; };
		28EEC0181C7E3A3D00300699 /* MultipleSelectorViewController.swift in Sources */ = {isa = PBXBuildFile; fileRef = 2859CE121C7E02310002982F /* MultipleSelectorViewController.swift */; };
		28EEC0191C7E3A3D00300699 /* SelectorAlertController.swift in Sources */ = {isa = PBXBuildFile; fileRef = 2859CE141C7E02710002982F /* SelectorAlertController.swift */; };
		28EEC01C1C7E3A7400300699 /* ButtonRowWithPresent.swift in Sources */ = {isa = PBXBuildFile; fileRef = 2859CD991C7CF2020002982F /* ButtonRowWithPresent.swift */; };
		28EEC01D1C7E3A8600300699 /* SliderRow.swift in Sources */ = {isa = PBXBuildFile; fileRef = 2859CD9A1C7CF2020002982F /* SliderRow.swift */; };
		28EEC01F1C7E3AC800300699 /* LabelRow.swift in Sources */ = {isa = PBXBuildFile; fileRef = 2859CDA01C7CF3A10002982F /* LabelRow.swift */; };
		28EEC0201C7E3AD200300699 /* SegmentedRow.swift in Sources */ = {isa = PBXBuildFile; fileRef = 2859CDA81C7D0B3C0002982F /* SegmentedRow.swift */; };
		28EEC0211C7E3AD700300699 /* TextAreaRow.swift in Sources */ = {isa = PBXBuildFile; fileRef = 2859CDAC1C7D0BCA0002982F /* TextAreaRow.swift */; };
		28EEC0221C7E3B1300300699 /* ActionSheetRow.swift in Sources */ = {isa = PBXBuildFile; fileRef = 2859CDAE1C7D0D990002982F /* ActionSheetRow.swift */; };
		28EEC0231C7E3B1900300699 /* AlertRow.swift in Sources */ = {isa = PBXBuildFile; fileRef = 2859CDB01C7D0E010002982F /* AlertRow.swift */; };
		28EEC0241C7E3B1D00300699 /* PickerRow.swift in Sources */ = {isa = PBXBuildFile; fileRef = 2859CDB51C7D0EC60002982F /* PickerRow.swift */; };
		28EEC0251C7E3B2200300699 /* PickerInlineRow.swift in Sources */ = {isa = PBXBuildFile; fileRef = 2859CDB71C7D0FE70002982F /* PickerInlineRow.swift */; };
		28EEC0281C7E3B4B00300699 /* FieldsRow.swift in Sources */ = {isa = PBXBuildFile; fileRef = 2859CE061C7DFBFA0002982F /* FieldsRow.swift */; };
		28EEC02A1C7E3B5A00300699 /* MultipleSelectorRow.swift in Sources */ = {isa = PBXBuildFile; fileRef = 2859CE1F1C7E092B0002982F /* MultipleSelectorRow.swift */; };
		28EEC02F1C7E49BF00300699 /* SelectorViewController.swift in Sources */ = {isa = PBXBuildFile; fileRef = 2859CE101C7E01EE0002982F /* SelectorViewController.swift */; };
		28EEC0321C7E64A400300699 /* DatePickerRow.swift in Sources */ = {isa = PBXBuildFile; fileRef = 2859CDFC1C7DF9430002982F /* DatePickerRow.swift */; };
		28EEC0331C7E64AB00300699 /* PopoverSelectorRow.swift in Sources */ = {isa = PBXBuildFile; fileRef = 2859CE1D1C7E08300002982F /* PopoverSelectorRow.swift */; };
		3973000A1DF0E2A000080E4D /* PickerInputRow.swift in Sources */ = {isa = PBXBuildFile; fileRef = 397300091DF0E2A000080E4D /* PickerInputRow.swift */; };
		49ADC7F91C8A83240073952B /* StepperRow.swift in Sources */ = {isa = PBXBuildFile; fileRef = 49ADC7F81C8A83240073952B /* StepperRow.swift */; };
		51729DF61B9A4F5E004A00EB /* Eureka.framework in Frameworks */ = {isa = PBXBuildFile; fileRef = 51729DEB1B9A4F5E004A00EB /* Eureka.framework */; };
		51729E671B9A5FA5004A00EB /* Eureka.h in Headers */ = {isa = PBXBuildFile; fileRef = 51729E661B9A5FA5004A00EB /* Eureka.h */; settings = {ATTRIBUTES = (Public, ); }; };
		8690E4BE1CFDE062004CDB1C /* Eureka.bundle in Resources */ = {isa = PBXBuildFile; fileRef = 8690E4BD1CFDE062004CDB1C /* Eureka.bundle */; };
		B257FE2E1EC0F66900043911 /* RowsInsertionTests.swift in Sources */ = {isa = PBXBuildFile; fileRef = B257FE2D1EC0F66900043911 /* RowsInsertionTests.swift */; };
		B2A401161EC0BA140042EDF0 /* SectionsInsertionTests.swift in Sources */ = {isa = PBXBuildFile; fileRef = B2A401151EC0BA140042EDF0 /* SectionsInsertionTests.swift */; };
		FA56B6AF1DBAD38900407C94 /* RuleEqualsToRow.swift in Sources */ = {isa = PBXBuildFile; fileRef = FA56B6AE1DBAD38900407C94 /* RuleEqualsToRow.swift */; };
/* End PBXBuildFile section */

/* Begin PBXContainerItemProxy section */
		51729DF71B9A4F5E004A00EB /* PBXContainerItemProxy */ = {
			isa = PBXContainerItemProxy;
			containerPortal = 51729DE21B9A4F5E004A00EB /* Project object */;
			proxyType = 1;
			remoteGlobalIDString = 51729DEA1B9A4F5E004A00EB;
			remoteInfo = Eureka;
		};
/* End PBXContainerItemProxy section */

/* Begin PBXFileReference section */
		280FBE5C1D87360900900064 /* RuleRange.swift */ = {isa = PBXFileReference; fileEncoding = 4; lastKnownFileType = sourcecode.swift; name = RuleRange.swift; path = Source/Validations/RuleRange.swift; sourceTree = SOURCE_ROOT; };
		280FBE5E1D873CCE00900064 /* RuleClosure.swift */ = {isa = PBXFileReference; fileEncoding = 4; lastKnownFileType = sourcecode.swift; name = RuleClosure.swift; path = Source/Validations/RuleClosure.swift; sourceTree = SOURCE_ROOT; };
		2859CD921C7CF1FD0002982F /* Core.swift */ = {isa = PBXFileReference; fileEncoding = 4; lastKnownFileType = sourcecode.swift; lineEnding = 0; path = Core.swift; sourceTree = "<group>"; xcLanguageSpecificationIdentifier = xcode.lang.swift; };
		2859CD931C7CF1FD0002982F /* Helpers.swift */ = {isa = PBXFileReference; fileEncoding = 4; lastKnownFileType = sourcecode.swift; path = Helpers.swift; sourceTree = "<group>"; };
		2859CD991C7CF2020002982F /* ButtonRowWithPresent.swift */ = {isa = PBXFileReference; fileEncoding = 4; lastKnownFileType = sourcecode.swift; lineEnding = 0; path = ButtonRowWithPresent.swift; sourceTree = "<group>"; xcLanguageSpecificationIdentifier = xcode.lang.swift; };
		2859CD9A1C7CF2020002982F /* SliderRow.swift */ = {isa = PBXFileReference; fileEncoding = 4; lastKnownFileType = sourcecode.swift; path = SliderRow.swift; sourceTree = "<group>"; };
		2859CDA01C7CF3A10002982F /* LabelRow.swift */ = {isa = PBXFileReference; fileEncoding = 4; lastKnownFileType = sourcecode.swift; path = LabelRow.swift; sourceTree = "<group>"; };
		2859CDA21C7CF4050002982F /* ButtonRow.swift */ = {isa = PBXFileReference; fileEncoding = 4; lastKnownFileType = sourcecode.swift; lineEnding = 0; path = ButtonRow.swift; sourceTree = "<group>"; xcLanguageSpecificationIdentifier = xcode.lang.swift; };
		2859CDA41C7CF51A0002982F /* CheckRow.swift */ = {isa = PBXFileReference; fileEncoding = 4; lastKnownFileType = sourcecode.swift; lineEnding = 0; path = CheckRow.swift; sourceTree = "<group>"; xcLanguageSpecificationIdentifier = xcode.lang.swift; };
		2859CDA61C7CF5530002982F /* SwitchRow.swift */ = {isa = PBXFileReference; fileEncoding = 4; lastKnownFileType = sourcecode.swift; path = SwitchRow.swift; sourceTree = "<group>"; };
		2859CDA81C7D0B3C0002982F /* SegmentedRow.swift */ = {isa = PBXFileReference; fileEncoding = 4; lastKnownFileType = sourcecode.swift; path = SegmentedRow.swift; sourceTree = "<group>"; };
		2859CDAC1C7D0BCA0002982F /* TextAreaRow.swift */ = {isa = PBXFileReference; fileEncoding = 4; lastKnownFileType = sourcecode.swift; path = TextAreaRow.swift; sourceTree = "<group>"; };
		2859CDAE1C7D0D990002982F /* ActionSheetRow.swift */ = {isa = PBXFileReference; fileEncoding = 4; lastKnownFileType = sourcecode.swift; lineEnding = 0; path = ActionSheetRow.swift; sourceTree = "<group>"; xcLanguageSpecificationIdentifier = xcode.lang.swift; };
		2859CDB01C7D0E010002982F /* AlertRow.swift */ = {isa = PBXFileReference; fileEncoding = 4; lastKnownFileType = sourcecode.swift; lineEnding = 0; path = AlertRow.swift; sourceTree = "<group>"; xcLanguageSpecificationIdentifier = xcode.lang.swift; };
		2859CDB31C7D0E4B0002982F /* OptionsRow.swift */ = {isa = PBXFileReference; fileEncoding = 4; lastKnownFileType = sourcecode.swift; name = OptionsRow.swift; path = Common/OptionsRow.swift; sourceTree = "<group>"; };
		2859CDB51C7D0EC60002982F /* PickerRow.swift */ = {isa = PBXFileReference; fileEncoding = 4; lastKnownFileType = sourcecode.swift; path = PickerRow.swift; sourceTree = "<group>"; };
		2859CDB71C7D0FE70002982F /* PickerInlineRow.swift */ = {isa = PBXFileReference; fileEncoding = 4; lastKnownFileType = sourcecode.swift; path = PickerInlineRow.swift; sourceTree = "<group>"; };
		2859CDBB1C7D12930002982F /* SelectorRow.swift */ = {isa = PBXFileReference; fileEncoding = 4; lastKnownFileType = sourcecode.swift; name = SelectorRow.swift; path = Common/SelectorRow.swift; sourceTree = "<group>"; };
		2859CDBD1C7D137D0002982F /* Form.swift */ = {isa = PBXFileReference; fileEncoding = 4; lastKnownFileType = sourcecode.swift; path = Form.swift; sourceTree = "<group>"; };
		2859CDBF1C7D138D0002982F /* Section.swift */ = {isa = PBXFileReference; fileEncoding = 4; lastKnownFileType = sourcecode.swift; path = Section.swift; sourceTree = "<group>"; };
		2859CDC31C7D19C50002982F /* HeaderFooterView.swift */ = {isa = PBXFileReference; fileEncoding = 4; lastKnownFileType = sourcecode.swift; path = HeaderFooterView.swift; sourceTree = "<group>"; };
		2859CDC51C7D1A2E0002982F /* NavigationAccessoryView.swift */ = {isa = PBXFileReference; fileEncoding = 4; lastKnownFileType = sourcecode.swift; path = NavigationAccessoryView.swift; sourceTree = "<group>"; };
		2859CDE81C7DD78E0002982F /* BaseRow.swift */ = {isa = PBXFileReference; fileEncoding = 4; lastKnownFileType = sourcecode.swift; lineEnding = 0; path = BaseRow.swift; sourceTree = "<group>"; xcLanguageSpecificationIdentifier = xcode.lang.swift; };
		2859CDEC1C7DF0680002982F /* PushRow.swift */ = {isa = PBXFileReference; fileEncoding = 4; lastKnownFileType = sourcecode.swift; path = PushRow.swift; sourceTree = "<group>"; };
		2859CDEE1C7DF0F70002982F /* DateFieldRow.swift */ = {isa = PBXFileReference; fileEncoding = 4; lastKnownFileType = sourcecode.swift; lineEnding = 0; name = DateFieldRow.swift; path = Common/DateFieldRow.swift; sourceTree = "<group>"; xcLanguageSpecificationIdentifier = xcode.lang.swift; };
		2859CDF01C7DF1620002982F /* FieldRow.swift */ = {isa = PBXFileReference; fileEncoding = 4; lastKnownFileType = sourcecode.swift; name = FieldRow.swift; path = Common/FieldRow.swift; sourceTree = "<group>"; };
		2859CDF21C7DF22D0002982F /* DateInlineFieldRow.swift */ = {isa = PBXFileReference; fileEncoding = 4; lastKnownFileType = sourcecode.swift; lineEnding = 0; name = DateInlineFieldRow.swift; path = Common/DateInlineFieldRow.swift; sourceTree = "<group>"; xcLanguageSpecificationIdentifier = xcode.lang.swift; };
		2859CDF41C7DF2740002982F /* DateInlineRow.swift */ = {isa = PBXFileReference; fileEncoding = 4; lastKnownFileType = sourcecode.swift; lineEnding = 0; path = DateInlineRow.swift; sourceTree = "<group>"; xcLanguageSpecificationIdentifier = xcode.lang.swift; };
		2859CDFC1C7DF9430002982F /* DatePickerRow.swift */ = {isa = PBXFileReference; fileEncoding = 4; lastKnownFileType = sourcecode.swift; path = DatePickerRow.swift; sourceTree = "<group>"; };
		2859CDFE1C7DF9A70002982F /* DateRow.swift */ = {isa = PBXFileReference; fileEncoding = 4; lastKnownFileType = sourcecode.swift; path = DateRow.swift; sourceTree = "<group>"; };
		2859CE061C7DFBFA0002982F /* FieldsRow.swift */ = {isa = PBXFileReference; fileEncoding = 4; lastKnownFileType = sourcecode.swift; path = FieldsRow.swift; sourceTree = "<group>"; };
		2859CE0A1C7E003B0002982F /* DecimalFormatter.swift */ = {isa = PBXFileReference; fileEncoding = 4; lastKnownFileType = sourcecode.swift; name = DecimalFormatter.swift; path = Common/DecimalFormatter.swift; sourceTree = "<group>"; };
		2859CE101C7E01EE0002982F /* SelectorViewController.swift */ = {isa = PBXFileReference; fileEncoding = 4; lastKnownFileType = sourcecode.swift; name = SelectorViewController.swift; path = Controllers/SelectorViewController.swift; sourceTree = "<group>"; };
		2859CE121C7E02310002982F /* MultipleSelectorViewController.swift */ = {isa = PBXFileReference; fileEncoding = 4; lastKnownFileType = sourcecode.swift; name = MultipleSelectorViewController.swift; path = Controllers/MultipleSelectorViewController.swift; sourceTree = "<group>"; };
		2859CE141C7E02710002982F /* SelectorAlertController.swift */ = {isa = PBXFileReference; fileEncoding = 4; lastKnownFileType = sourcecode.swift; name = SelectorAlertController.swift; path = Controllers/SelectorAlertController.swift; sourceTree = "<group>"; };
		2859CE1B1C7E04630002982F /* ListCheckRow.swift */ = {isa = PBXFileReference; fileEncoding = 4; lastKnownFileType = sourcecode.swift; name = ListCheckRow.swift; path = SelectableRows/ListCheckRow.swift; sourceTree = "<group>"; };
		2859CE1D1C7E08300002982F /* PopoverSelectorRow.swift */ = {isa = PBXFileReference; fileEncoding = 4; lastKnownFileType = sourcecode.swift; path = PopoverSelectorRow.swift; sourceTree = "<group>"; };
		2859CE1F1C7E092B0002982F /* MultipleSelectorRow.swift */ = {isa = PBXFileReference; fileEncoding = 4; lastKnownFileType = sourcecode.swift; path = MultipleSelectorRow.swift; sourceTree = "<group>"; };
		2859CE211C7E13470002982F /* GenericMultipleSelectorRow.swift */ = {isa = PBXFileReference; fileEncoding = 4; lastKnownFileType = sourcecode.swift; name = GenericMultipleSelectorRow.swift; path = Common/GenericMultipleSelectorRow.swift; sourceTree = "<group>"; };
		2859CE231C7E141B0002982F /* SelectableSection.swift */ = {isa = PBXFileReference; fileEncoding = 4; lastKnownFileType = sourcecode.swift; path = SelectableSection.swift; sourceTree = "<group>"; };
		285BA4481E81864E0034EE92 /* MultivaluedSectionTests.swift */ = {isa = PBXFileReference; fileEncoding = 4; lastKnownFileType = sourcecode.swift; name = MultivaluedSectionTests.swift; path = Tests/MultivaluedSectionTests.swift; sourceTree = SOURCE_ROOT; };
		287A142A1D89DF1E00FFE6EB /* ValidationsTests.swift */ = {isa = PBXFileReference; fileEncoding = 4; lastKnownFileType = sourcecode.swift; name = ValidationsTests.swift; path = Tests/ValidationsTests.swift; sourceTree = SOURCE_ROOT; };
		287A142D1D8A07B700FFE6EB /* SelectableSectionTests.swift */ = {isa = PBXFileReference; fileEncoding = 4; lastKnownFileType = sourcecode.swift; name = SelectableSectionTests.swift; path = Tests/SelectableSectionTests.swift; sourceTree = SOURCE_ROOT; };
		287E7D7D1D625A260065F4DE /* RuleRequired.swift */ = {isa = PBXFileReference; fileEncoding = 4; lastKnownFileType = sourcecode.swift; name = RuleRequired.swift; path = Source/Validations/RuleRequired.swift; sourceTree = SOURCE_ROOT; };
		287E7D7F1D74E42D0065F4DE /* RuleRegExp.swift */ = {isa = PBXFileReference; fileEncoding = 4; lastKnownFileType = sourcecode.swift; name = RuleRegExp.swift; path = Source/Validations/RuleRegExp.swift; sourceTree = SOURCE_ROOT; };
		287E7D811D74E64C0065F4DE /* RuleURL.swift */ = {isa = PBXFileReference; fileEncoding = 4; lastKnownFileType = sourcecode.swift; name = RuleURL.swift; path = Source/Validations/RuleURL.swift; sourceTree = SOURCE_ROOT; };
		287E7D831D75F9C80065F4DE /* RuleEmail.swift */ = {isa = PBXFileReference; fileEncoding = 4; lastKnownFileType = sourcecode.swift; name = RuleEmail.swift; path = Source/Validations/RuleEmail.swift; sourceTree = SOURCE_ROOT; };
		287E7D8F1D7601850065F4DE /* RuleLength.swift */ = {isa = PBXFileReference; fileEncoding = 4; lastKnownFileType = sourcecode.swift; name = RuleLength.swift; path = Source/Validations/RuleLength.swift; sourceTree = SOURCE_ROOT; };
		28B12FD41BA0E83C00F27A23 /* Assets.xcassets */ = {isa = PBXFileReference; lastKnownFileType = folder.assetcatalog; name = Assets.xcassets; path = Source/Assets.xcassets; sourceTree = SOURCE_ROOT; };
		28B1D7711C7F90C900605EB3 /* BaseEurekaTests.swift */ = {isa = PBXFileReference; fileEncoding = 4; lastKnownFileType = sourcecode.swift; lineEnding = 0; name = BaseEurekaTests.swift; path = Tests/BaseEurekaTests.swift; sourceTree = SOURCE_ROOT; xcLanguageSpecificationIdentifier = xcode.lang.swift; };
		28B1D7721C7F90C900605EB3 /* CallbacksTests.swift */ = {isa = PBXFileReference; fileEncoding = 4; lastKnownFileType = sourcecode.swift; lineEnding = 0; name = CallbacksTests.swift; path = Tests/CallbacksTests.swift; sourceTree = SOURCE_ROOT; xcLanguageSpecificationIdentifier = xcode.lang.swift; };
		28B1D7731C7F90C900605EB3 /* CollectionTests.swift */ = {isa = PBXFileReference; fileEncoding = 4; lastKnownFileType = sourcecode.swift; name = CollectionTests.swift; path = Tests/CollectionTests.swift; sourceTree = SOURCE_ROOT; };
		28B1D7741C7F90C900605EB3 /* DateTests.swift */ = {isa = PBXFileReference; fileEncoding = 4; lastKnownFileType = sourcecode.swift; name = DateTests.swift; path = Tests/DateTests.swift; sourceTree = SOURCE_ROOT; };
		28B1D7751C7F90C900605EB3 /* FormValuesTests.swift */ = {isa = PBXFileReference; fileEncoding = 4; lastKnownFileType = sourcecode.swift; name = FormValuesTests.swift; path = Tests/FormValuesTests.swift; sourceTree = SOURCE_ROOT; };
		28B1D7761C7F90C900605EB3 /* HelperMethodTests.swift */ = {isa = PBXFileReference; fileEncoding = 4; lastKnownFileType = sourcecode.swift; name = HelperMethodTests.swift; path = Tests/HelperMethodTests.swift; sourceTree = SOURCE_ROOT; };
		28B1D7771C7F90C900605EB3 /* HiddenRowsTests.swift */ = {isa = PBXFileReference; fileEncoding = 4; lastKnownFileType = sourcecode.swift; name = HiddenRowsTests.swift; path = Tests/HiddenRowsTests.swift; sourceTree = SOURCE_ROOT; };
		28B1D7781C7F90C900605EB3 /* OperatorsTest.swift */ = {isa = PBXFileReference; fileEncoding = 4; lastKnownFileType = sourcecode.swift; name = OperatorsTest.swift; path = Tests/OperatorsTest.swift; sourceTree = SOURCE_ROOT; };
		28B1D7791C7F90C900605EB3 /* RowByTagTests.swift */ = {isa = PBXFileReference; fileEncoding = 4; lastKnownFileType = sourcecode.swift; name = RowByTagTests.swift; path = Tests/RowByTagTests.swift; sourceTree = SOURCE_ROOT; };
		28B1D77A1C7F90C900605EB3 /* RowCallbackTests.swift */ = {isa = PBXFileReference; fileEncoding = 4; lastKnownFileType = sourcecode.swift; name = RowCallbackTests.swift; path = Tests/RowCallbackTests.swift; sourceTree = SOURCE_ROOT; };
		28B1D77B1C7F90C900605EB3 /* SetValuesTests.swift */ = {isa = PBXFileReference; fileEncoding = 4; lastKnownFileType = sourcecode.swift; name = SetValuesTests.swift; path = Tests/SetValuesTests.swift; sourceTree = SOURCE_ROOT; };
		28DB372F1CE4F864009E46BA /* Protocols.swift */ = {isa = PBXFileReference; fileEncoding = 4; lastKnownFileType = sourcecode.swift; name = Protocols.swift; path = Common/Protocols.swift; sourceTree = "<group>"; };
		28EE0FDD1D5E889F00B91340 /* Validation.swift */ = {isa = PBXFileReference; fileEncoding = 4; lastKnownFileType = sourcecode.swift; path = Validation.swift; sourceTree = "<group>"; };
		28EEBFE41C7E1B3B00300699 /* CellType.swift */ = {isa = PBXFileReference; fileEncoding = 4; lastKnownFileType = sourcecode.swift; lineEnding = 0; path = CellType.swift; sourceTree = "<group>"; xcLanguageSpecificationIdentifier = xcode.lang.swift; };
		28EEBFEB1C7E224200300699 /* PresenterRowType.swift */ = {isa = PBXFileReference; fileEncoding = 4; lastKnownFileType = sourcecode.swift; path = PresenterRowType.swift; sourceTree = "<group>"; };
		28EEBFED1C7E231C00300699 /* RowControllerType.swift */ = {isa = PBXFileReference; fileEncoding = 4; lastKnownFileType = sourcecode.swift; path = RowControllerType.swift; sourceTree = "<group>"; };
		28EEBFEF1C7E23F400300699 /* Row.swift */ = {isa = PBXFileReference; fileEncoding = 4; lastKnownFileType = sourcecode.swift; path = Row.swift; sourceTree = "<group>"; };
		28EEBFF11C7E23FA00300699 /* RowType.swift */ = {isa = PBXFileReference; fileEncoding = 4; lastKnownFileType = sourcecode.swift; path = RowType.swift; sourceTree = "<group>"; };
		28EEBFF31C7E240000300699 /* RowProtocols.swift */ = {isa = PBXFileReference; fileEncoding = 4; lastKnownFileType = sourcecode.swift; path = RowProtocols.swift; sourceTree = "<group>"; };
		28EEBFF51C7E240B00300699 /* InlineRowType.swift */ = {isa = PBXFileReference; fileEncoding = 4; lastKnownFileType = sourcecode.swift; path = InlineRowType.swift; sourceTree = "<group>"; };
		28EEBFF71C7E241200300699 /* SelectableRowType.swift */ = {isa = PBXFileReference; fileEncoding = 4; lastKnownFileType = sourcecode.swift; path = SelectableRowType.swift; sourceTree = "<group>"; };
		28EEBFFA1C7E25C500300699 /* Operators.swift */ = {isa = PBXFileReference; fileEncoding = 4; lastKnownFileType = sourcecode.swift; path = Operators.swift; sourceTree = "<group>"; };
		28EEBFFC1C7E25F100300699 /* Cell.swift */ = {isa = PBXFileReference; fileEncoding = 4; lastKnownFileType = sourcecode.swift; lineEnding = 0; path = Cell.swift; sourceTree = "<group>"; xcLanguageSpecificationIdentifier = xcode.lang.swift; };
		397300091DF0E2A000080E4D /* PickerInputRow.swift */ = {isa = PBXFileReference; fileEncoding = 4; lastKnownFileType = sourcecode.swift; path = PickerInputRow.swift; sourceTree = "<group>"; };
		49ADC7F81C8A83240073952B /* StepperRow.swift */ = {isa = PBXFileReference; fileEncoding = 4; lastKnownFileType = sourcecode.swift; path = StepperRow.swift; sourceTree = "<group>"; };
		51729DEB1B9A4F5E004A00EB /* Eureka.framework */ = {isa = PBXFileReference; explicitFileType = wrapper.framework; includeInIndex = 0; path = Eureka.framework; sourceTree = BUILT_PRODUCTS_DIR; };
		51729DF01B9A4F5E004A00EB /* Info.plist */ = {isa = PBXFileReference; lastKnownFileType = text.plist; name = Info.plist; path = Source/Info.plist; sourceTree = "<group>"; };
		51729DF51B9A4F5E004A00EB /* EurekaTests.xctest */ = {isa = PBXFileReference; explicitFileType = wrapper.cfbundle; includeInIndex = 0; path = EurekaTests.xctest; sourceTree = BUILT_PRODUCTS_DIR; };
		51729DFC1B9A4F5E004A00EB /* Info.plist */ = {isa = PBXFileReference; lastKnownFileType = text.plist.xml; name = Info.plist; path = ../Tests/Info.plist; sourceTree = "<group>"; };
		51729E661B9A5FA5004A00EB /* Eureka.h */ = {isa = PBXFileReference; fileEncoding = 4; lastKnownFileType = sourcecode.c.h; name = Eureka.h; path = Source/Eureka.h; sourceTree = SOURCE_ROOT; };
		8690E4BD1CFDE062004CDB1C /* Eureka.bundle */ = {isa = PBXFileReference; lastKnownFileType = "wrapper.plug-in"; path = Eureka.bundle; sourceTree = "<group>"; };
		B257FE2D1EC0F66900043911 /* RowsInsertionTests.swift */ = {isa = PBXFileReference; fileEncoding = 4; lastKnownFileType = sourcecode.swift; name = RowsInsertionTests.swift; path = Tests/RowsInsertionTests.swift; sourceTree = SOURCE_ROOT; };
		B2A401151EC0BA140042EDF0 /* SectionsInsertionTests.swift */ = {isa = PBXFileReference; fileEncoding = 4; lastKnownFileType = sourcecode.swift; name = SectionsInsertionTests.swift; path = Tests/SectionsInsertionTests.swift; sourceTree = SOURCE_ROOT; };
		FA56B6AE1DBAD38900407C94 /* RuleEqualsToRow.swift */ = {isa = PBXFileReference; fileEncoding = 4; lastKnownFileType = sourcecode.swift; name = RuleEqualsToRow.swift; path = Source/Validations/RuleEqualsToRow.swift; sourceTree = SOURCE_ROOT; };
/* End PBXFileReference section */

/* Begin PBXFrameworksBuildPhase section */
		51729DE71B9A4F5E004A00EB /* Frameworks */ = {
			isa = PBXFrameworksBuildPhase;
			buildActionMask = 2147483647;
			files = (
			);
			runOnlyForDeploymentPostprocessing = 0;
		};
		51729DF21B9A4F5E004A00EB /* Frameworks */ = {
			isa = PBXFrameworksBuildPhase;
			buildActionMask = 2147483647;
			files = (
				51729DF61B9A4F5E004A00EB /* Eureka.framework in Frameworks */,
			);
			runOnlyForDeploymentPostprocessing = 0;
		};
/* End PBXFrameworksBuildPhase section */

/* Begin PBXGroup section */
		2859CD901C7CF1FD0002982F /* Core */ = {
			isa = PBXGroup;
			children = (
				2859CDE81C7DD78E0002982F /* BaseRow.swift */,
				28EEBFFC1C7E25F100300699 /* Cell.swift */,
				28EEBFE41C7E1B3B00300699 /* CellType.swift */,
				2859CD921C7CF1FD0002982F /* Core.swift */,
				2859CDBD1C7D137D0002982F /* Form.swift */,
				2859CDC31C7D19C50002982F /* HeaderFooterView.swift */,
				2859CD931C7CF1FD0002982F /* Helpers.swift */,
				28EEBFF51C7E240B00300699 /* InlineRowType.swift */,
				2859CDC51C7D1A2E0002982F /* NavigationAccessoryView.swift */,
				28EEBFFA1C7E25C500300699 /* Operators.swift */,
				28EEBFEB1C7E224200300699 /* PresenterRowType.swift */,
				28EEBFEF1C7E23F400300699 /* Row.swift */,
				28EEBFED1C7E231C00300699 /* RowControllerType.swift */,
				28EEBFF31C7E240000300699 /* RowProtocols.swift */,
				28EEBFF11C7E23FA00300699 /* RowType.swift */,
				28EEBFF71C7E241200300699 /* SelectableRowType.swift */,
				2859CDBF1C7D138D0002982F /* Section.swift */,
				2859CE231C7E141B0002982F /* SelectableSection.swift */,
				28EE0FDD1D5E889F00B91340 /* Validation.swift */,
			);
			name = Core;
			path = Source/Core;
			sourceTree = SOURCE_ROOT;
		};
		2859CD971C7CF2020002982F /* Rows */ = {
			isa = PBXGroup;
			children = (
				2859CE1A1C7E04250002982F /* SelectableRows */,
				2859CE0F1C7E01C70002982F /* Controllers */,
				2859CDB21C7D0E210002982F /* Common */,
				2859CDAE1C7D0D990002982F /* ActionSheetRow.swift */,
				2859CDB01C7D0E010002982F /* AlertRow.swift */,
				2859CDA21C7CF4050002982F /* ButtonRow.swift */,
				2859CD991C7CF2020002982F /* ButtonRowWithPresent.swift */,
				2859CDA41C7CF51A0002982F /* CheckRow.swift */,
				2859CDFE1C7DF9A70002982F /* DateRow.swift */,
				2859CDF41C7DF2740002982F /* DateInlineRow.swift */,
				2859CDFC1C7DF9430002982F /* DatePickerRow.swift */,
				2859CE061C7DFBFA0002982F /* FieldsRow.swift */,
				2859CDA01C7CF3A10002982F /* LabelRow.swift */,
				2859CE1F1C7E092B0002982F /* MultipleSelectorRow.swift */,
				2859CDB51C7D0EC60002982F /* PickerRow.swift */,
				397300091DF0E2A000080E4D /* PickerInputRow.swift */,
				2859CDB71C7D0FE70002982F /* PickerInlineRow.swift */,
				2859CE1D1C7E08300002982F /* PopoverSelectorRow.swift */,
				2859CDEC1C7DF0680002982F /* PushRow.swift */,
				2859CDA81C7D0B3C0002982F /* SegmentedRow.swift */,
				2859CD9A1C7CF2020002982F /* SliderRow.swift */,
				49ADC7F81C8A83240073952B /* StepperRow.swift */,
				2859CDA61C7CF5530002982F /* SwitchRow.swift */,
				2859CDAC1C7D0BCA0002982F /* TextAreaRow.swift */,
			);
			name = Rows;
			path = Source/Rows;
			sourceTree = SOURCE_ROOT;
		};
		2859CDB21C7D0E210002982F /* Common */ = {
			isa = PBXGroup;
			children = (
				2859CDF01C7DF1620002982F /* FieldRow.swift */,
				2859CDB31C7D0E4B0002982F /* OptionsRow.swift */,
				2859CDBB1C7D12930002982F /* SelectorRow.swift */,
				2859CDEE1C7DF0F70002982F /* DateFieldRow.swift */,
				2859CDF21C7DF22D0002982F /* DateInlineFieldRow.swift */,
				2859CE0A1C7E003B0002982F /* DecimalFormatter.swift */,
				2859CE211C7E13470002982F /* GenericMultipleSelectorRow.swift */,
				28DB372F1CE4F864009E46BA /* Protocols.swift */,
			);
			name = Common;
			sourceTree = "<group>";
		};
		2859CE0F1C7E01C70002982F /* Controllers */ = {
			isa = PBXGroup;
			children = (
				2859CE101C7E01EE0002982F /* SelectorViewController.swift */,
				2859CE141C7E02710002982F /* SelectorAlertController.swift */,
				2859CE121C7E02310002982F /* MultipleSelectorViewController.swift */,
			);
			name = Controllers;
			sourceTree = "<group>";
		};
		2859CE1A1C7E04250002982F /* SelectableRows */ = {
			isa = PBXGroup;
			children = (
				2859CE1B1C7E04630002982F /* ListCheckRow.swift */,
			);
			name = SelectableRows;
			sourceTree = "<group>";
		};
		287E7D7C1D62552C0065F4DE /* Validations */ = {
			isa = PBXGroup;
			children = (
				287E7D7D1D625A260065F4DE /* RuleRequired.swift */,
				287E7D7F1D74E42D0065F4DE /* RuleRegExp.swift */,
				287E7D831D75F9C80065F4DE /* RuleEmail.swift */,
				287E7D811D74E64C0065F4DE /* RuleURL.swift */,
				280FBE5C1D87360900900064 /* RuleRange.swift */,
				287E7D8F1D7601850065F4DE /* RuleLength.swift */,
				280FBE5E1D873CCE00900064 /* RuleClosure.swift */,
				FA56B6AE1DBAD38900407C94 /* RuleEqualsToRow.swift */,
			);
			name = Validations;
			sourceTree = "<group>";
		};
		51729DE11B9A4F5E004A00EB = {
			isa = PBXGroup;
			children = (
				51729DED1B9A4F5E004A00EB /* Source */,
				51729DF91B9A4F5E004A00EB /* Tests */,
				51729DEC1B9A4F5E004A00EB /* Products */,
			);
			sourceTree = "<group>";
		};
		51729DEC1B9A4F5E004A00EB /* Products */ = {
			isa = PBXGroup;
			children = (
				51729DEB1B9A4F5E004A00EB /* Eureka.framework */,
				51729DF51B9A4F5E004A00EB /* EurekaTests.xctest */,
			);
			name = Products;
			sourceTree = "<group>";
		};
		51729DED1B9A4F5E004A00EB /* Source */ = {
			isa = PBXGroup;
			children = (
				2859CD901C7CF1FD0002982F /* Core */,
				2859CD971C7CF2020002982F /* Rows */,
				287E7D7C1D62552C0065F4DE /* Validations */,
				8690E4BC1CFDE02A004CDB1C /* Resources */,
				51729E661B9A5FA5004A00EB /* Eureka.h */,
				51729DF01B9A4F5E004A00EB /* Info.plist */,
				28B12FD41BA0E83C00F27A23 /* Assets.xcassets */,
			);
			name = Source;
			path = Eureka;
			sourceTree = "<group>";
		};
		51729DF91B9A4F5E004A00EB /* Tests */ = {
			isa = PBXGroup;
			children = (
				287A142D1D8A07B700FFE6EB /* SelectableSectionTests.swift */,
				28B1D7711C7F90C900605EB3 /* BaseEurekaTests.swift */,
				28B1D7721C7F90C900605EB3 /* CallbacksTests.swift */,
				28B1D7731C7F90C900605EB3 /* CollectionTests.swift */,
				28B1D7741C7F90C900605EB3 /* DateTests.swift */,
				28B1D7751C7F90C900605EB3 /* FormValuesTests.swift */,
				28B1D7761C7F90C900605EB3 /* HelperMethodTests.swift */,
				28B1D7771C7F90C900605EB3 /* HiddenRowsTests.swift */,
				28B1D7781C7F90C900605EB3 /* OperatorsTest.swift */,
				28B1D7791C7F90C900605EB3 /* RowByTagTests.swift */,
				28B1D77A1C7F90C900605EB3 /* RowCallbackTests.swift */,
				28B1D77B1C7F90C900605EB3 /* SetValuesTests.swift */,
				287A142A1D89DF1E00FFE6EB /* ValidationsTests.swift */,
				285BA4481E81864E0034EE92 /* MultivaluedSectionTests.swift */,
				51729DFC1B9A4F5E004A00EB /* Info.plist */,
				B2A401151EC0BA140042EDF0 /* SectionsInsertionTests.swift */,
				B257FE2D1EC0F66900043911 /* RowsInsertionTests.swift */,
			);
			name = Tests;
			path = EurekaTests;
			sourceTree = "<group>";
		};
		8690E4BC1CFDE02A004CDB1C /* Resources */ = {
			isa = PBXGroup;
			children = (
				8690E4BD1CFDE062004CDB1C /* Eureka.bundle */,
			);
			name = Resources;
			path = Source/Resources;
			sourceTree = SOURCE_ROOT;
		};
/* End PBXGroup section */

/* Begin PBXHeadersBuildPhase section */
		51729DE81B9A4F5E004A00EB /* Headers */ = {
			isa = PBXHeadersBuildPhase;
			buildActionMask = 2147483647;
			files = (
				51729E671B9A5FA5004A00EB /* Eureka.h in Headers */,
			);
			runOnlyForDeploymentPostprocessing = 0;
		};
/* End PBXHeadersBuildPhase section */

/* Begin PBXNativeTarget section */
		51729DEA1B9A4F5E004A00EB /* Eureka */ = {
			isa = PBXNativeTarget;
			buildConfigurationList = 51729DFF1B9A4F5E004A00EB /* Build configuration list for PBXNativeTarget "Eureka" */;
			buildPhases = (
				51729DE61B9A4F5E004A00EB /* Sources */,
				51729DE71B9A4F5E004A00EB /* Frameworks */,
				51729DE81B9A4F5E004A00EB /* Headers */,
				51729DE91B9A4F5E004A00EB /* Resources */,
			);
			buildRules = (
			);
			dependencies = (
			);
			name = Eureka;
			productName = Eureka;
			productReference = 51729DEB1B9A4F5E004A00EB /* Eureka.framework */;
			productType = "com.apple.product-type.framework";
		};
		51729DF41B9A4F5E004A00EB /* EurekaTests */ = {
			isa = PBXNativeTarget;
			buildConfigurationList = 51729E021B9A4F5E004A00EB /* Build configuration list for PBXNativeTarget "EurekaTests" */;
			buildPhases = (
				51729DF11B9A4F5E004A00EB /* Sources */,
				51729DF21B9A4F5E004A00EB /* Frameworks */,
				51729DF31B9A4F5E004A00EB /* Resources */,
			);
			buildRules = (
			);
			dependencies = (
				51729DF81B9A4F5E004A00EB /* PBXTargetDependency */,
			);
			name = EurekaTests;
			productName = EurekaTests;
			productReference = 51729DF51B9A4F5E004A00EB /* EurekaTests.xctest */;
			productType = "com.apple.product-type.bundle.unit-test";
		};
/* End PBXNativeTarget section */

/* Begin PBXProject section */
		51729DE21B9A4F5E004A00EB /* Project object */ = {
			isa = PBXProject;
			attributes = {
				LastSwiftUpdateCheck = 0700;
				LastUpgradeCheck = 0900;
				ORGANIZATIONNAME = Xmartlabs;
				TargetAttributes = {
					51729DEA1B9A4F5E004A00EB = {
						CreatedOnToolsVersion = 7.0;
						LastSwiftMigration = 0900;
						ProvisioningStyle = Automatic;
					};
					51729DF41B9A4F5E004A00EB = {
						CreatedOnToolsVersion = 7.0;
						LastSwiftMigration = 0800;
					};
				};
			};
			buildConfigurationList = 51729DE51B9A4F5E004A00EB /* Build configuration list for PBXProject "Eureka" */;
			compatibilityVersion = "Xcode 3.2";
			developmentRegion = English;
			hasScannedForEncodings = 0;
			knownRegions = (
				en,
			);
			mainGroup = 51729DE11B9A4F5E004A00EB;
			productRefGroup = 51729DEC1B9A4F5E004A00EB /* Products */;
			projectDirPath = "";
			projectRoot = "";
			targets = (
				51729DEA1B9A4F5E004A00EB /* Eureka */,
				51729DF41B9A4F5E004A00EB /* EurekaTests */,
			);
		};
/* End PBXProject section */

/* Begin PBXResourcesBuildPhase section */
		51729DE91B9A4F5E004A00EB /* Resources */ = {
			isa = PBXResourcesBuildPhase;
			buildActionMask = 2147483647;
			files = (
				8690E4BE1CFDE062004CDB1C /* Eureka.bundle in Resources */,
				28B12FD51BA0E83C00F27A23 /* Assets.xcassets in Resources */,
			);
			runOnlyForDeploymentPostprocessing = 0;
		};
		51729DF31B9A4F5E004A00EB /* Resources */ = {
			isa = PBXResourcesBuildPhase;
			buildActionMask = 2147483647;
			files = (
			);
			runOnlyForDeploymentPostprocessing = 0;
		};
/* End PBXResourcesBuildPhase section */

/* Begin PBXSourcesBuildPhase section */
		51729DE61B9A4F5E004A00EB /* Sources */ = {
			isa = PBXSourcesBuildPhase;
			buildActionMask = 2147483647;
			files = (
				28EEC0251C7E3B2200300699 /* PickerInlineRow.swift in Sources */,
				28EEC0331C7E64AB00300699 /* PopoverSelectorRow.swift in Sources */,
				28EEBFF81C7E241200300699 /* SelectableRowType.swift in Sources */,
				28EEC0201C7E3AD200300699 /* SegmentedRow.swift in Sources */,
				28EEC01F1C7E3AC800300699 /* LabelRow.swift in Sources */,
				287E7D7E1D625A260065F4DE /* RuleRequired.swift in Sources */,
				28EEC0191C7E3A3D00300699 /* SelectorAlertController.swift in Sources */,
				28EEBFEE1C7E231C00300699 /* RowControllerType.swift in Sources */,
				28EE46A91C7F685900EFF4A2 /* PushRow.swift in Sources */,
				28EEC00F1C7E398D00300699 /* FieldRow.swift in Sources */,
				28EEC02F1C7E49BF00300699 /* SelectorViewController.swift in Sources */,
				28EEC0031C7E390300300699 /* DecimalFormatter.swift in Sources */,
				28EE0FDE1D5E889F00B91340 /* Validation.swift in Sources */,
				2859CD951C7CF1FD0002982F /* Core.swift in Sources */,
				2859CDBE1C7D137D0002982F /* Form.swift in Sources */,
				280FBE5F1D873CCE00900064 /* RuleClosure.swift in Sources */,
				28EEC0001C7E36EB00300699 /* SwitchRow.swift in Sources */,
				3973000A1DF0E2A000080E4D /* PickerInputRow.swift in Sources */,
				287E7D901D7601850065F4DE /* RuleLength.swift in Sources */,
				28EEC02A1C7E3B5A00300699 /* MultipleSelectorRow.swift in Sources */,
				28EEC0231C7E3B1900300699 /* AlertRow.swift in Sources */,
				28EEC0221C7E3B1300300699 /* ActionSheetRow.swift in Sources */,
				28EEBFEC1C7E224200300699 /* PresenterRowType.swift in Sources */,
				28EEC0211C7E3AD700300699 /* TextAreaRow.swift in Sources */,
				28EEBFFD1C7E25F100300699 /* Cell.swift in Sources */,
				28EEC0321C7E64A400300699 /* DatePickerRow.swift in Sources */,
				FA56B6AF1DBAD38900407C94 /* RuleEqualsToRow.swift in Sources */,
				28EEBFE81C7E1D7E00300699 /* CellType.swift in Sources */,
				28EEC0241C7E3B1D00300699 /* PickerRow.swift in Sources */,
				28EEC0281C7E3B4B00300699 /* FieldsRow.swift in Sources */,
				2859CD961C7CF1FD0002982F /* Helpers.swift in Sources */,
				287E7D821D74E64C0065F4DE /* RuleURL.swift in Sources */,
				28EEBFF21C7E23FA00300699 /* RowType.swift in Sources */,
				287E7D801D74E42D0065F4DE /* RuleRegExp.swift in Sources */,
				28EEC0101C7E399500300699 /* DateInlineFieldRow.swift in Sources */,
				2859CDC61C7D1A2E0002982F /* NavigationAccessoryView.swift in Sources */,
				49ADC7F91C8A83240073952B /* StepperRow.swift in Sources */,
				28EE46AC1C7F712300EFF4A2 /* DateInlineRow.swift in Sources */,
				28EEC01C1C7E3A7400300699 /* ButtonRowWithPresent.swift in Sources */,
				28EEBFF41C7E240000300699 /* RowProtocols.swift in Sources */,
				28EEBFFE1C7E281F00300699 /* CheckRow.swift in Sources */,
				2859CDC41C7D19C50002982F /* HeaderFooterView.swift in Sources */,
				28EEC00C1C7E396000300699 /* SelectorRow.swift in Sources */,
				280FBE5D1D87360900900064 /* RuleRange.swift in Sources */,
				28EEC0161C7E3A3200300699 /* ListCheckRow.swift in Sources */,
				28EEC01D1C7E3A8600300699 /* SliderRow.swift in Sources */,
				28EEC00B1C7E395700300699 /* OptionsRow.swift in Sources */,
				28EEC0021C7E37BD00300699 /* ButtonRow.swift in Sources */,
				28EE46A81C7F5D5200EFF4A2 /* SelectableSection.swift in Sources */,
				28EEBFF61C7E240B00300699 /* InlineRowType.swift in Sources */,
				287E7D841D75F9C80065F4DE /* RuleEmail.swift in Sources */,
				28EEBFFB1C7E25C500300699 /* Operators.swift in Sources */,
				28DB37301CE4F864009E46BA /* Protocols.swift in Sources */,
				2859CDC01C7D138D0002982F /* Section.swift in Sources */,
				28EEC0151C7E39C100300699 /* DateRow.swift in Sources */,
				2859CDE91C7DD78E0002982F /* BaseRow.swift in Sources */,
				28EEBFF01C7E23F400300699 /* Row.swift in Sources */,
				28EEC0121C7E399500300699 /* GenericMultipleSelectorRow.swift in Sources */,
				28EEC0181C7E3A3D00300699 /* MultipleSelectorViewController.swift in Sources */,
				28EEC00E1C7E398A00300699 /* DateFieldRow.swift in Sources */,
			);
			runOnlyForDeploymentPostprocessing = 0;
		};
		51729DF11B9A4F5E004A00EB /* Sources */ = {
			isa = PBXSourcesBuildPhase;
			buildActionMask = 2147483647;
			files = (
				28B1D7881C7F911900605EB3 /* CallbacksTests.swift in Sources */,
				28B1D7891C7F911900605EB3 /* CollectionTests.swift in Sources */,
				28B1D78C1C7F911900605EB3 /* HelperMethodTests.swift in Sources */,
				28B1D78B1C7F911900605EB3 /* FormValuesTests.swift in Sources */,
				B2A401161EC0BA140042EDF0 /* SectionsInsertionTests.swift in Sources */,
				28B1D7871C7F911900605EB3 /* BaseEurekaTests.swift in Sources */,
				28B1D7911C7F911900605EB3 /* SetValuesTests.swift in Sources */,
				285BA44A1E8187480034EE92 /* MultivaluedSectionTests.swift in Sources */,
				28B1D7901C7F911900605EB3 /* RowCallbackTests.swift in Sources */,
				28B1D78E1C7F911900605EB3 /* OperatorsTest.swift in Sources */,
				28B1D78D1C7F911900605EB3 /* HiddenRowsTests.swift in Sources */,
				287A14331D8A07ED00FFE6EB /* SelectableSectionTests.swift in Sources */,
				B257FE2E1EC0F66900043911 /* RowsInsertionTests.swift in Sources */,
				28B1D78A1C7F911900605EB3 /* DateTests.swift in Sources */,
				287A142B1D89DF1E00FFE6EB /* ValidationsTests.swift in Sources */,
				28B1D78F1C7F911900605EB3 /* RowByTagTests.swift in Sources */,
			);
			runOnlyForDeploymentPostprocessing = 0;
		};
/* End PBXSourcesBuildPhase section */

/* Begin PBXTargetDependency section */
		51729DF81B9A4F5E004A00EB /* PBXTargetDependency */ = {
			isa = PBXTargetDependency;
			target = 51729DEA1B9A4F5E004A00EB /* Eureka */;
			targetProxy = 51729DF71B9A4F5E004A00EB /* PBXContainerItemProxy */;
		};
/* End PBXTargetDependency section */

/* Begin XCBuildConfiguration section */
		51729DFD1B9A4F5E004A00EB /* Debug */ = {
			isa = XCBuildConfiguration;
			buildSettings = {
				ALWAYS_SEARCH_USER_PATHS = NO;
				CLANG_CXX_LANGUAGE_STANDARD = "gnu++0x";
				CLANG_CXX_LIBRARY = "libc++";
				CLANG_ENABLE_MODULES = YES;
				CLANG_ENABLE_OBJC_ARC = YES;
				CLANG_WARN_BLOCK_CAPTURE_AUTORELEASING = YES;
				CLANG_WARN_BOOL_CONVERSION = YES;
				CLANG_WARN_COMMA = YES;
				CLANG_WARN_CONSTANT_CONVERSION = YES;
				CLANG_WARN_DIRECT_OBJC_ISA_USAGE = YES_ERROR;
				CLANG_WARN_EMPTY_BODY = YES;
				CLANG_WARN_ENUM_CONVERSION = YES;
				CLANG_WARN_INFINITE_RECURSION = YES;
				CLANG_WARN_INT_CONVERSION = YES;
				CLANG_WARN_NON_LITERAL_NULL_CONVERSION = YES;
				CLANG_WARN_OBJC_LITERAL_CONVERSION = YES;
				CLANG_WARN_OBJC_ROOT_CLASS = YES_ERROR;
				CLANG_WARN_RANGE_LOOP_ANALYSIS = YES;
				CLANG_WARN_STRICT_PROTOTYPES = YES;
				CLANG_WARN_SUSPICIOUS_MOVE = YES;
				CLANG_WARN_UNREACHABLE_CODE = YES;
				CLANG_WARN__DUPLICATE_METHOD_MATCH = YES;
				"CODE_SIGN_IDENTITY[sdk=iphoneos*]" = "iPhone Developer";
				COPY_PHASE_STRIP = NO;
				CURRENT_PROJECT_VERSION = 1;
				DEBUG_INFORMATION_FORMAT = dwarf;
				ENABLE_STRICT_OBJC_MSGSEND = YES;
				ENABLE_TESTABILITY = YES;
				GCC_C_LANGUAGE_STANDARD = gnu99;
				GCC_DYNAMIC_NO_PIC = NO;
				GCC_NO_COMMON_BLOCKS = YES;
				GCC_OPTIMIZATION_LEVEL = 0;
				GCC_PREPROCESSOR_DEFINITIONS = (
					"DEBUG=1",
					"$(inherited)",
				);
				GCC_WARN_64_TO_32_BIT_CONVERSION = YES;
				GCC_WARN_ABOUT_RETURN_TYPE = YES_ERROR;
				GCC_WARN_UNDECLARED_SELECTOR = YES;
				GCC_WARN_UNINITIALIZED_AUTOS = YES_AGGRESSIVE;
				GCC_WARN_UNUSED_FUNCTION = YES;
				GCC_WARN_UNUSED_VARIABLE = YES;
				IPHONEOS_DEPLOYMENT_TARGET = 8.0;
				MTL_ENABLE_DEBUG_INFO = YES;
				ONLY_ACTIVE_ARCH = YES;
				SDKROOT = iphoneos;
				SWIFT_OPTIMIZATION_LEVEL = "-Onone";
				TARGETED_DEVICE_FAMILY = "1,2";
				VERSIONING_SYSTEM = "apple-generic";
				VERSION_INFO_PREFIX = "";
			};
			name = Debug;
		};
		51729DFE1B9A4F5E004A00EB /* Release */ = {
			isa = XCBuildConfiguration;
			buildSettings = {
				ALWAYS_SEARCH_USER_PATHS = NO;
				CLANG_CXX_LANGUAGE_STANDARD = "gnu++0x";
				CLANG_CXX_LIBRARY = "libc++";
				CLANG_ENABLE_MODULES = YES;
				CLANG_ENABLE_OBJC_ARC = YES;
				CLANG_WARN_BLOCK_CAPTURE_AUTORELEASING = YES;
				CLANG_WARN_BOOL_CONVERSION = YES;
				CLANG_WARN_COMMA = YES;
				CLANG_WARN_CONSTANT_CONVERSION = YES;
				CLANG_WARN_DIRECT_OBJC_ISA_USAGE = YES_ERROR;
				CLANG_WARN_EMPTY_BODY = YES;
				CLANG_WARN_ENUM_CONVERSION = YES;
				CLANG_WARN_INFINITE_RECURSION = YES;
				CLANG_WARN_INT_CONVERSION = YES;
				CLANG_WARN_NON_LITERAL_NULL_CONVERSION = YES;
				CLANG_WARN_OBJC_LITERAL_CONVERSION = YES;
				CLANG_WARN_OBJC_ROOT_CLASS = YES_ERROR;
				CLANG_WARN_RANGE_LOOP_ANALYSIS = YES;
				CLANG_WARN_STRICT_PROTOTYPES = YES;
				CLANG_WARN_SUSPICIOUS_MOVE = YES;
				CLANG_WARN_UNREACHABLE_CODE = YES;
				CLANG_WARN__DUPLICATE_METHOD_MATCH = YES;
				"CODE_SIGN_IDENTITY[sdk=iphoneos*]" = "iPhone Developer";
				COPY_PHASE_STRIP = NO;
				CURRENT_PROJECT_VERSION = 1;
				DEBUG_INFORMATION_FORMAT = "dwarf-with-dsym";
				ENABLE_NS_ASSERTIONS = NO;
				ENABLE_STRICT_OBJC_MSGSEND = YES;
				GCC_C_LANGUAGE_STANDARD = gnu99;
				GCC_NO_COMMON_BLOCKS = YES;
				GCC_WARN_64_TO_32_BIT_CONVERSION = YES;
				GCC_WARN_ABOUT_RETURN_TYPE = YES_ERROR;
				GCC_WARN_UNDECLARED_SELECTOR = YES;
				GCC_WARN_UNINITIALIZED_AUTOS = YES_AGGRESSIVE;
				GCC_WARN_UNUSED_FUNCTION = YES;
				GCC_WARN_UNUSED_VARIABLE = YES;
				IPHONEOS_DEPLOYMENT_TARGET = 8.0;
				MTL_ENABLE_DEBUG_INFO = NO;
				SDKROOT = iphoneos;
				TARGETED_DEVICE_FAMILY = "1,2";
				VALIDATE_PRODUCT = YES;
				VERSIONING_SYSTEM = "apple-generic";
				VERSION_INFO_PREFIX = "";
			};
			name = Release;
		};
		51729E001B9A4F5E004A00EB /* Debug */ = {
			isa = XCBuildConfiguration;
			buildSettings = {
				APPLICATION_EXTENSION_API_ONLY = YES;
				CLANG_ENABLE_MODULES = YES;
				"CODE_SIGN_IDENTITY[sdk=iphoneos*]" = "";
				DEFINES_MODULE = YES;
				DEVELOPMENT_TEAM = "";
				DYLIB_COMPATIBILITY_VERSION = 1;
				DYLIB_CURRENT_VERSION = 1;
				DYLIB_INSTALL_NAME_BASE = "@rpath";
				ENABLE_BITCODE = YES;
				INFOPLIST_FILE = Source/Info.plist;
				INSTALL_PATH = "$(LOCAL_LIBRARY_DIR)/Frameworks";
				LD_RUNPATH_SEARCH_PATHS = "$(inherited) @executable_path/Frameworks @loader_path/Frameworks";
				PRODUCT_BUNDLE_IDENTIFIER = com.xmartlabs.Eureka;
				PRODUCT_NAME = "$(TARGET_NAME)";
				SKIP_INSTALL = YES;
				SWIFT_OPTIMIZATION_LEVEL = "-Onone";
				SWIFT_SWIFT3_OBJC_INFERENCE = Off;
				SWIFT_VERSION = 4.0;
			};
			name = Debug;
		};
		51729E011B9A4F5E004A00EB /* Release */ = {
			isa = XCBuildConfiguration;
			buildSettings = {
				APPLICATION_EXTENSION_API_ONLY = YES;
				CLANG_ENABLE_MODULES = YES;
				"CODE_SIGN_IDENTITY[sdk=iphoneos*]" = "";
				DEFINES_MODULE = YES;
				DEVELOPMENT_TEAM = "";
				DYLIB_COMPATIBILITY_VERSION = 1;
				DYLIB_CURRENT_VERSION = 1;
				DYLIB_INSTALL_NAME_BASE = "@rpath";
				ENABLE_BITCODE = YES;
				INFOPLIST_FILE = Source/Info.plist;
				INSTALL_PATH = "$(LOCAL_LIBRARY_DIR)/Frameworks";
				LD_RUNPATH_SEARCH_PATHS = "$(inherited) @executable_path/Frameworks @loader_path/Frameworks";
				PRODUCT_BUNDLE_IDENTIFIER = com.xmartlabs.Eureka;
				PRODUCT_NAME = "$(TARGET_NAME)";
				SKIP_INSTALL = YES;
				SWIFT_OPTIMIZATION_LEVEL = "-Owholemodule";
				SWIFT_SWIFT3_OBJC_INFERENCE = Off;
				SWIFT_VERSION = 4.0;
			};
			name = Release;
		};
		51729E031B9A4F5E004A00EB /* Debug */ = {
			isa = XCBuildConfiguration;
			buildSettings = {
				INFOPLIST_FILE = Tests/Info.plist;
				LD_RUNPATH_SEARCH_PATHS = "$(inherited) @executable_path/Frameworks @loader_path/Frameworks";
				PRODUCT_BUNDLE_IDENTIFIER = com.xmartlabs.EurekaTests;
				PRODUCT_NAME = "$(TARGET_NAME)";
				SWIFT_SWIFT3_OBJC_INFERENCE = Off;
				SWIFT_VERSION = 4.0;
			};
			name = Debug;
		};
		51729E041B9A4F5E004A00EB /* Release */ = {
			isa = XCBuildConfiguration;
			buildSettings = {
				INFOPLIST_FILE = Tests/Info.plist;
				LD_RUNPATH_SEARCH_PATHS = "$(inherited) @executable_path/Frameworks @loader_path/Frameworks";
				PRODUCT_BUNDLE_IDENTIFIER = com.xmartlabs.EurekaTests;
				PRODUCT_NAME = "$(TARGET_NAME)";
				SWIFT_OPTIMIZATION_LEVEL = "-Owholemodule";
				SWIFT_SWIFT3_OBJC_INFERENCE = Off;
				SWIFT_VERSION = 4.0;
			};
			name = Release;
		};
/* End XCBuildConfiguration section */

/* Begin XCConfigurationList section */
		51729DE51B9A4F5E004A00EB /* Build configuration list for PBXProject "Eureka" */ = {
			isa = XCConfigurationList;
			buildConfigurations = (
				51729DFD1B9A4F5E004A00EB /* Debug */,
				51729DFE1B9A4F5E004A00EB /* Release */,
			);
			defaultConfigurationIsVisible = 0;
			defaultConfigurationName = Release;
		};
		51729DFF1B9A4F5E004A00EB /* Build configuration list for PBXNativeTarget "Eureka" */ = {
			isa = XCConfigurationList;
			buildConfigurations = (
				51729E001B9A4F5E004A00EB /* Debug */,
				51729E011B9A4F5E004A00EB /* Release */,
			);
			defaultConfigurationIsVisible = 0;
			defaultConfigurationName = Release;
		};
		51729E021B9A4F5E004A00EB /* Build configuration list for PBXNativeTarget "EurekaTests" */ = {
			isa = XCConfigurationList;
			buildConfigurations = (
				51729E031B9A4F5E004A00EB /* Debug */,
				51729E041B9A4F5E004A00EB /* Release */,
			);
			defaultConfigurationIsVisible = 0;
			defaultConfigurationName = Release;
		};
/* End XCConfigurationList section */
	};
	rootObject = 51729DE21B9A4F5E004A00EB /* Project object */;
}
